
Microsoft Visual Studio Solution File, Format Version 12.00
# Visual Studio Express 2012 for Windows Desktop
Project("{FAE04EC0-301F-11D3-BF4B-00C04F79EFBC}") = "StringParser", "StringParser\StringParser.csproj", "{25C04AEF-F863-4E22-85F7-79841BCC42AF}"
EndProject
Global
	GlobalSection(SolutionConfigurationPlatforms) = preSolution
		Debug|Any CPU = Debug|Any CPU
		Release|Any CPU = Release|Any CPU
	EndGlobalSection
	GlobalSection(ProjectConfigurationPlatforms) = postSolution
		{25C04AEF-F863-4E22-85F7-79841BCC42AF}.Debug|Any CPU.ActiveCfg = Debug|Any CPU
		{25C04AEF-F863-4E22-85F7-79841BCC42AF}.Debug|Any CPU.Build.0 = Debug|Any CPU
		{25C04AEF-F863-4E22-85F7-79841BCC42AF}.Release|Any CPU.ActiveCfg = Release|Any CPU
		{25C04AEF-F863-4E22-85F7-79841BCC42AF}.Release|Any CPU.Build.0 = Release|Any CPU
	EndGlobalSection
	GlobalSection(SolutionProperties) = preSolution
		HideSolutionNode = FALSE
	EndGlobalSection
EndGlobal
